
Microsoft Visual Studio Solution File, Format Version 12.00
# Visual Studio Version 17
VisualStudioVersion = 17.6.33815.320
MinimumVisualStudioVersion = 10.0.40219.1
Project("{FAE04EC0-301F-11D3-BF4B-00C04F79EFBC}") = "ERP.CUST.MGMT", "ERP.CUST.MGMT\ERP.CUST.MGMT.csproj", "{279C492E-C892-49CA-A182-A730ECED3529}"
EndProject
Global
	GlobalSection(SolutionConfigurationPlatforms) = preSolution
		Debug|Any CPU = Debug|Any CPU
		Release|Any CPU = Release|Any CPU
	EndGlobalSection
	GlobalSection(ProjectConfigurationPlatforms) = postSolution
		{279C492E-C892-49CA-A182-A730ECED3529}.Debug|Any CPU.ActiveCfg = Debug|Any CPU
		{279C492E-C892-49CA-A182-A730ECED3529}.Debug|Any CPU.Build.0 = Debug|Any CPU
		{279C492E-C892-49CA-A182-A730ECED3529}.Release|Any CPU.ActiveCfg = Release|Any CPU
		{279C492E-C892-49CA-A182-A730ECED3529}.Release|Any CPU.Build.0 = Release|Any CPU
	EndGlobalSection
	GlobalSection(SolutionProperties) = preSolution
		HideSolutionNode = FALSE
	EndGlobalSection
	GlobalSection(ExtensibilityGlobals) = postSolution
		SolutionGuid = {C6F1F1F3-888C-467D-BB1B-3C877019830A}
	EndGlobalSection
EndGlobal
